
Microsoft Visual Studio Solution File, Format Version 12.00
# Visual Studio Version 17
VisualStudioVersion = 17.3.32922.545
MinimumVisualStudioVersion = 10.0.40219.1
Project("{FAE04EC0-301F-11D3-BF4B-00C04F79EFBC}") = "RealEstate.API", "RealEstate.API\RealEstate.API.csproj", "{C3FE8266-6CA4-4911-8960-AE6C2F821E61}"
EndProject
Global
	GlobalSection(SolutionConfigurationPlatforms) = preSolution
		Debug|Any CPU = Debug|Any CPU
		Release|Any CPU = Release|Any CPU
	EndGlobalSection
	GlobalSection(ProjectConfigurationPlatforms) = postSolution
		{C3FE8266-6CA4-4911-8960-AE6C2F821E61}.Debug|Any CPU.ActiveCfg = Debug|Any CPU
		{C3FE8266-6CA4-4911-8960-AE6C2F821E61}.Debug|Any CPU.Build.0 = Debug|Any CPU
		{C3FE8266-6CA4-4911-8960-AE6C2F821E61}.Release|Any CPU.ActiveCfg = Release|Any CPU
		{C3FE8266-6CA4-4911-8960-AE6C2F821E61}.Release|Any CPU.Build.0 = Release|Any CPU
	EndGlobalSection
	GlobalSection(SolutionProperties) = preSolution
		HideSolutionNode = FALSE
	EndGlobalSection
	GlobalSection(ExtensibilityGlobals) = postSolution
		SolutionGuid = {0A7AA81A-6040-4EFE-B331-4555BF8F4CDB}
	EndGlobalSection
EndGlobal
